
Microsoft Visual Studio Solution File, Format Version 12.00
# Visual Studio Version 17
VisualStudioVersion = 17.8.34511.84
MinimumVisualStudioVersion = 10.0.40219.1
Project("{FAE04EC0-301F-11D3-BF4B-00C04F79EFBC}") = "Persistence.SqlServer", "Persistence.SqlServer.csproj", "{35FB8FC9-BEA6-4A78-8AD5-F1EA9E9F5AF0}"
EndProject
Project("{FAE04EC0-301F-11D3-BF4B-00C04F79EFBC}") = "Persistence.SqlServer.Test", "..\Persistence.SqlServer.Test\Persistence.SqlServer.Test.csproj", "{89966BB9-BE59-4530-AAE1-2CFFBF08C7F6}"
EndProject
Global
	GlobalSection(SolutionConfigurationPlatforms) = preSolution
		Debug|Any CPU = Debug|Any CPU
		Release|Any CPU = Release|Any CPU
	EndGlobalSection
	GlobalSection(ProjectConfigurationPlatforms) = postSolution
		{35FB8FC9-BEA6-4A78-8AD5-F1EA9E9F5AF0}.Debug|Any CPU.ActiveCfg = Debug|Any CPU
		{35FB8FC9-BEA6-4A78-8AD5-F1EA9E9F5AF0}.Debug|Any CPU.Build.0 = Debug|Any CPU
		{35FB8FC9-BEA6-4A78-8AD5-F1EA9E9F5AF0}.Release|Any CPU.ActiveCfg = Release|Any CPU
		{35FB8FC9-BEA6-4A78-8AD5-F1EA9E9F5AF0}.Release|Any CPU.Build.0 = Release|Any CPU
		{89966BB9-BE59-4530-AAE1-2CFFBF08C7F6}.Debug|Any CPU.ActiveCfg = Debug|Any CPU
		{89966BB9-BE59-4530-AAE1-2CFFBF08C7F6}.Debug|Any CPU.Build.0 = Debug|Any CPU
		{89966BB9-BE59-4530-AAE1-2CFFBF08C7F6}.Release|Any CPU.ActiveCfg = Release|Any CPU
		{89966BB9-BE59-4530-AAE1-2CFFBF08C7F6}.Release|Any CPU.Build.0 = Release|Any CPU
	EndGlobalSection
	GlobalSection(SolutionProperties) = preSolution
		HideSolutionNode = FALSE
	EndGlobalSection
	GlobalSection(ExtensibilityGlobals) = postSolution
		SolutionGuid = {0BE654AF-4440-424E-B4C0-18936BC3D4D7}
	EndGlobalSection
EndGlobal
